# This file was autogenerated by Stack.
# You should not edit this file by hand.
# For more information, please see the documentation at:
#   https://docs.haskellstack.org/en/stable/lock_files

packages:
- completed:
    hackage: text-format-simple-1.1.0@sha256:5815236396328f556b9896fdcb949d15b485ef05394c9dc846e94b0306cb4036,735
    pantry-tree:
      size: 215
      sha256: 026136165778e83cb04c587b3609d95731ccf35da07249c9eb0f29ceb6946cbb
  original:
    hackage: text-format-simple-1.1.0
snapshots:
- completed:
    size: 531696
    url: https://raw.githubusercontent.com/commercialhaskell/stackage-snapshots/master/lts/16/3.yaml
    sha256: 65e3a94c65ad07fa1913649e3f1e36c4af51bf528a5d9fd217bdc1b46d0477cc
  original: lts-16.3
